// !$*UTF8*$!
{
	archiveVersion = 1;
	classes = {
	};
	objectVersion = 51;
	objects = {

/* Begin PBXBuildFile section */
		486E608C2351CDB1007A9A52 /* AppDelegate.swift in Sources */ = {isa = PBXBuildFile; fileRef = 486E608B2351CDB1007A9A52 /* AppDelegate.swift */; };
		486E608E2351CDB1007A9A52 /* NewsVC.swift in Sources */ = {isa = PBXBuildFile; fileRef = 486E608D2351CDB1007A9A52 /* NewsVC.swift */; };
		486E60912351CDB1007A9A52 /* Main.storyboard in Resources */ = {isa = PBXBuildFile; fileRef = 486E608F2351CDB1007A9A52 /* Main.storyboard */; };
		486E60932351CDB1007A9A52 /* Assets.xcassets in Resources */ = {isa = PBXBuildFile; fileRef = 486E60922351CDB1007A9A52 /* Assets.xcassets */; };
		486E60962351CDB1007A9A52 /* LaunchScreen.storyboard in Resources */ = {isa = PBXBuildFile; fileRef = 486E60942351CDB1007A9A52 /* LaunchScreen.storyboard */; };
		486E60A72351E26F007A9A52 /* NetworkService.swift in Sources */ = {isa = PBXBuildFile; fileRef = 486E60A62351E26F007A9A52 /* NetworkService.swift */; };
		486E60AA2351F7DF007A9A52 /* NewsAPI.swift in Sources */ = {isa = PBXBuildFile; fileRef = 486E60A92351F7DF007A9A52 /* NewsAPI.swift */; };
		486E60AD2351FCBA007A9A52 /* NSObject+AssociatedObj.swift in Sources */ = {isa = PBXBuildFile; fileRef = 486E60AC2351FCBA007A9A52 /* NSObject+AssociatedObj.swift */; };
		486E60B02351FD59007A9A52 /* UseCaseConsumer.swift in Sources */ = {isa = PBXBuildFile; fileRef = 486E60AF2351FD59007A9A52 /* UseCaseConsumer.swift */; };
		486E60B22351FDD6007A9A52 /* News.swift in Sources */ = {isa = PBXBuildFile; fileRef = 486E60B12351FDD6007A9A52 /* News.swift */; };
		486E60B42351FDFA007A9A52 /* News+Response.swift in Sources */ = {isa = PBXBuildFile; fileRef = 486E60B32351FDFA007A9A52 /* News+Response.swift */; };
		486E60B62351FFAC007A9A52 /* DateFormatter+PublishedDateFormatter.swift in Sources */ = {isa = PBXBuildFile; fileRef = 486E60B52351FFAC007A9A52 /* DateFormatter+PublishedDateFormatter.swift */; };
		486E60B823520354007A9A52 /* AppError.swift in Sources */ = {isa = PBXBuildFile; fileRef = 486E60B723520354007A9A52 /* AppError.swift */; };
		486E60BA2352038E007A9A52 /* Constant.swift in Sources */ = {isa = PBXBuildFile; fileRef = 486E60B92352038E007A9A52 /* Constant.swift */; };
		486E60C42352447E007A9A52 /* Rswift.framework in Frameworks */ = {isa = PBXBuildFile; fileRef = 486E60C32352447E007A9A52 /* Rswift.framework */; };
		486E60C623524568007A9A52 /* R.generated.swift in Sources */ = {isa = PBXBuildFile; fileRef = 486E60C523524568007A9A52 /* R.generated.swift */; };
		486E60C923524632007A9A52 /* NewsTVC.swift in Sources */ = {isa = PBXBuildFile; fileRef = 486E60C723524632007A9A52 /* NewsTVC.swift */; };
		486E60CA23524632007A9A52 /* NewsTVC.xib in Resources */ = {isa = PBXBuildFile; fileRef = 486E60C823524632007A9A52 /* NewsTVC.xib */; };
		486E60CC23524FDA007A9A52 /* Article.swift in Sources */ = {isa = PBXBuildFile; fileRef = 486E60CB23524FDA007A9A52 /* Article.swift */; };
		486E60CF23526B41007A9A52 /* With.swift in Sources */ = {isa = PBXBuildFile; fileRef = 486E60CE23526B41007A9A52 /* With.swift */; };
		486E60E023526D53007A9A52 /* LimitOffset.swift in Sources */ = {isa = PBXBuildFile; fileRef = 486E60DF23526D53007A9A52 /* LimitOffset.swift */; };
		486E60E32352720F007A9A52 /* BaseVC.swift in Sources */ = {isa = PBXBuildFile; fileRef = 486E60E22352720F007A9A52 /* BaseVC.swift */; };
		486E60E523527278007A9A52 /* ActivityView.swift in Sources */ = {isa = PBXBuildFile; fileRef = 486E60E423527278007A9A52 /* ActivityView.swift */; };
		486E60E7235272CF007A9A52 /* PlaceholderView.swift in Sources */ = {isa = PBXBuildFile; fileRef = 486E60E6235272CF007A9A52 /* PlaceholderView.swift */; };
		486E60E923527379007A9A52 /* PlaceholderView.xib in Resources */ = {isa = PBXBuildFile; fileRef = 486E60E823527379007A9A52 /* PlaceholderView.xib */; };
		486E60F523538CB1007A9A52 /* NewsPaginationService.swift in Sources */ = {isa = PBXBuildFile; fileRef = 486E60F423538CB1007A9A52 /* NewsPaginationService.swift */; };
		486E60F723538F50007A9A52 /* UserDefaults+TotalResult.swift in Sources */ = {isa = PBXBuildFile; fileRef = 486E60F623538F50007A9A52 /* UserDefaults+TotalResult.swift */; };
		486E60F92353ADA0007A9A52 /* AlertViewModel.swift in Sources */ = {isa = PBXBuildFile; fileRef = 486E60F82353ADA0007A9A52 /* AlertViewModel.swift */; };
		486E60FB2353BBBB007A9A52 /* NewsImageView.swift in Sources */ = {isa = PBXBuildFile; fileRef = 486E60FA2353BBBB007A9A52 /* NewsImageView.swift */; };
		486E60FF23545FB6007A9A52 /* FilterLauncher.swift in Sources */ = {isa = PBXBuildFile; fileRef = 486E60FE23545FB6007A9A52 /* FilterLauncher.swift */; };
		486E610223546023007A9A52 /* FilterTVC.swift in Sources */ = {isa = PBXBuildFile; fileRef = 486E610023546023007A9A52 /* FilterTVC.swift */; };
		486E610323546023007A9A52 /* FilterTVC.xib in Resources */ = {isa = PBXBuildFile; fileRef = 486E610123546023007A9A52 /* FilterTVC.xib */; };
		486E610523546CB6007A9A52 /* CategoryVC.swift in Sources */ = {isa = PBXBuildFile; fileRef = 486E610423546CB6007A9A52 /* CategoryVC.swift */; };
		486E610923547536007A9A52 /* AppCoordinator.swift in Sources */ = {isa = PBXBuildFile; fileRef = 486E610823547536007A9A52 /* AppCoordinator.swift */; };
		486E610D23547D41007A9A52 /* IsoCountries.swift in Sources */ = {isa = PBXBuildFile; fileRef = 486E610B23547D41007A9A52 /* IsoCountries.swift */; };
		486E610E23547D41007A9A52 /* IsoCountryCodes.swift in Sources */ = {isa = PBXBuildFile; fileRef = 486E610C23547D41007A9A52 /* IsoCountryCodes.swift */; };
		486E611023547DE9007A9A52 /* AllowedCountry.swift in Sources */ = {isa = PBXBuildFile; fileRef = 486E610F23547DE9007A9A52 /* AllowedCountry.swift */; };
		486E611223548ACB007A9A52 /* NewsCategoryVC.swift in Sources */ = {isa = PBXBuildFile; fileRef = 486E611123548ACB007A9A52 /* NewsCategoryVC.swift */; };
		486E611523548B3C007A9A52 /* NewsCategoryCoordinator.swift in Sources */ = {isa = PBXBuildFile; fileRef = 486E611423548B3C007A9A52 /* NewsCategoryCoordinator.swift */; };
		486E611C2354A61C007A9A52 /* SourceTVC.swift in Sources */ = {isa = PBXBuildFile; fileRef = 486E611A2354A61C007A9A52 /* SourceTVC.swift */; };
		486E611D2354A61C007A9A52 /* SourceTVC.xib in Resources */ = {isa = PBXBuildFile; fileRef = 486E611B2354A61C007A9A52 /* SourceTVC.xib */; };
		486E611F2354A9CC007A9A52 /* SourceNews.swift in Sources */ = {isa = PBXBuildFile; fileRef = 486E611E2354A9CC007A9A52 /* SourceNews.swift */; };
		486E61212354ABC8007A9A52 /* APIResponse.swift in Sources */ = {isa = PBXBuildFile; fileRef = 486E61202354ABC8007A9A52 /* APIResponse.swift */; };
		486E61232354AC78007A9A52 /* SourceVC.swift in Sources */ = {isa = PBXBuildFile; fileRef = 486E61222354AC78007A9A52 /* SourceVC.swift */; };
		486E61252354B81C007A9A52 /* SearchVC.swift in Sources */ = {isa = PBXBuildFile; fileRef = 486E61242354B81C007A9A52 /* SearchVC.swift */; };
		486E61272354BE1F007A9A52 /* SearchQuastion.swift in Sources */ = {isa = PBXBuildFile; fileRef = 486E61262354BE1F007A9A52 /* SearchQuastion.swift */; };
		C1C72B9CD854C176E1921814 /* Pods_News.framework in Frameworks */ = {isa = PBXBuildFile; fileRef = 6B26704A9C1261FCE6EC78AF /* Pods_News.framework */; };
/* End PBXBuildFile section */

/* Begin PBXFileReference section */
		486E60882351CDB1007A9A52 /* News.app */ = {isa = PBXFileReference; explicitFileType = wrapper.application; includeInIndex = 0; path = News.app; sourceTree = BUILT_PRODUCTS_DIR; };
		486E608B2351CDB1007A9A52 /* AppDelegate.swift */ = {isa = PBXFileReference; lastKnownFileType = sourcecode.swift; path = AppDelegate.swift; sourceTree = "<group>"; };
		486E608D2351CDB1007A9A52 /* NewsVC.swift */ = {isa = PBXFileReference; lastKnownFileType = sourcecode.swift; path = NewsVC.swift; sourceTree = "<group>"; };
		486E60902351CDB1007A9A52 /* Base */ = {isa = PBXFileReference; lastKnownFileType = file.storyboard; name = Base; path = Base.lproj/Main.storyboard; sourceTree = "<group>"; };
		486E60922351CDB1007A9A52 /* Assets.xcassets */ = {isa = PBXFileReference; lastKnownFileType = folder.assetcatalog; path = Assets.xcassets; sourceTree = "<group>"; };
		486E60952351CDB1007A9A52 /* Base */ = {isa = PBXFileReference; lastKnownFileType = file.storyboard; name = Base; path = Base.lproj/LaunchScreen.storyboard; sourceTree = "<group>"; };
		486E60972351CDB1007A9A52 /* Info.plist */ = {isa = PBXFileReference; lastKnownFileType = text.plist.xml; path = Info.plist; sourceTree = "<group>"; };
		486E60A62351E26F007A9A52 /* NetworkService.swift */ = {isa = PBXFileReference; lastKnownFileType = sourcecode.swift; path = NetworkService.swift; sourceTree = "<group>"; };
		486E60A92351F7DF007A9A52 /* NewsAPI.swift */ = {isa = PBXFileReference; lastKnownFileType = sourcecode.swift; path = NewsAPI.swift; sourceTree = "<group>"; };
		486E60AC2351FCBA007A9A52 /* NSObject+AssociatedObj.swift */ = {isa = PBXFileReference; lastKnownFileType = sourcecode.swift; path = "NSObject+AssociatedObj.swift"; sourceTree = "<group>"; };
		486E60AF2351FD59007A9A52 /* UseCaseConsumer.swift */ = {isa = PBXFileReference; lastKnownFileType = sourcecode.swift; path = UseCaseConsumer.swift; sourceTree = "<group>"; };
		486E60B12351FDD6007A9A52 /* News.swift */ = {isa = PBXFileReference; lastKnownFileType = sourcecode.swift; path = News.swift; sourceTree = "<group>"; };
		486E60B32351FDFA007A9A52 /* News+Response.swift */ = {isa = PBXFileReference; lastKnownFileType = sourcecode.swift; path = "News+Response.swift"; sourceTree = "<group>"; };
		486E60B52351FFAC007A9A52 /* DateFormatter+PublishedDateFormatter.swift */ = {isa = PBXFileReference; lastKnownFileType = sourcecode.swift; path = "DateFormatter+PublishedDateFormatter.swift"; sourceTree = "<group>"; };
		486E60B723520354007A9A52 /* AppError.swift */ = {isa = PBXFileReference; lastKnownFileType = sourcecode.swift; path = AppError.swift; sourceTree = "<group>"; };
		486E60B92352038E007A9A52 /* Constant.swift */ = {isa = PBXFileReference; lastKnownFileType = sourcecode.swift; path = Constant.swift; sourceTree = "<group>"; };
		486E60C32352447E007A9A52 /* Rswift.framework */ = {isa = PBXFileReference; explicitFileType = wrapper.framework; path = Rswift.framework; sourceTree = BUILT_PRODUCTS_DIR; };
		486E60C523524568007A9A52 /* R.generated.swift */ = {isa = PBXFileReference; fileEncoding = 4; lastKnownFileType = sourcecode.swift; path = R.generated.swift; sourceTree = SOURCE_ROOT; };
		486E60C723524632007A9A52 /* NewsTVC.swift */ = {isa = PBXFileReference; lastKnownFileType = sourcecode.swift; path = NewsTVC.swift; sourceTree = "<group>"; };
		486E60C823524632007A9A52 /* NewsTVC.xib */ = {isa = PBXFileReference; lastKnownFileType = file.xib; path = NewsTVC.xib; sourceTree = "<group>"; };
		486E60CB23524FDA007A9A52 /* Article.swift */ = {isa = PBXFileReference; lastKnownFileType = sourcecode.swift; path = Article.swift; sourceTree = "<group>"; };
		486E60CE23526B41007A9A52 /* With.swift */ = {isa = PBXFileReference; lastKnownFileType = sourcecode.swift; path = With.swift; sourceTree = "<group>"; };
		486E60DF23526D53007A9A52 /* LimitOffset.swift */ = {isa = PBXFileReference; lastKnownFileType = sourcecode.swift; path = LimitOffset.swift; sourceTree = "<group>"; };
		486E60E22352720F007A9A52 /* BaseVC.swift */ = {isa = PBXFileReference; lastKnownFileType = sourcecode.swift; path = BaseVC.swift; sourceTree = "<group>"; };
		486E60E423527278007A9A52 /* ActivityView.swift */ = {isa = PBXFileReference; lastKnownFileType = sourcecode.swift; path = ActivityView.swift; sourceTree = "<group>"; };
		486E60E6235272CF007A9A52 /* PlaceholderView.swift */ = {isa = PBXFileReference; lastKnownFileType = sourcecode.swift; path = PlaceholderView.swift; sourceTree = "<group>"; };
		486E60E823527379007A9A52 /* PlaceholderView.xib */ = {isa = PBXFileReference; lastKnownFileType = file.xib; path = PlaceholderView.xib; sourceTree = "<group>"; };
		486E60F423538CB1007A9A52 /* NewsPaginationService.swift */ = {isa = PBXFileReference; lastKnownFileType = sourcecode.swift; path = NewsPaginationService.swift; sourceTree = "<group>"; };
		486E60F623538F50007A9A52 /* UserDefaults+TotalResult.swift */ = {isa = PBXFileReference; lastKnownFileType = sourcecode.swift; path = "UserDefaults+TotalResult.swift"; sourceTree = "<group>"; };
		486E60F82353ADA0007A9A52 /* AlertViewModel.swift */ = {isa = PBXFileReference; lastKnownFileType = sourcecode.swift; path = AlertViewModel.swift; sourceTree = "<group>"; };
		486E60FA2353BBBB007A9A52 /* NewsImageView.swift */ = {isa = PBXFileReference; lastKnownFileType = sourcecode.swift; path = NewsImageView.swift; sourceTree = "<group>"; };
		486E60FE23545FB6007A9A52 /* FilterLauncher.swift */ = {isa = PBXFileReference; lastKnownFileType = sourcecode.swift; path = FilterLauncher.swift; sourceTree = "<group>"; };
		486E610023546023007A9A52 /* FilterTVC.swift */ = {isa = PBXFileReference; lastKnownFileType = sourcecode.swift; path = FilterTVC.swift; sourceTree = "<group>"; };
		486E610123546023007A9A52 /* FilterTVC.xib */ = {isa = PBXFileReference; lastKnownFileType = file.xib; path = FilterTVC.xib; sourceTree = "<group>"; };
		486E610423546CB6007A9A52 /* CategoryVC.swift */ = {isa = PBXFileReference; lastKnownFileType = sourcecode.swift; path = CategoryVC.swift; sourceTree = "<group>"; };
		486E610823547536007A9A52 /* AppCoordinator.swift */ = {isa = PBXFileReference; lastKnownFileType = sourcecode.swift; path = AppCoordinator.swift; sourceTree = "<group>"; };
		486E610B23547D41007A9A52 /* IsoCountries.swift */ = {isa = PBXFileReference; fileEncoding = 4; lastKnownFileType = sourcecode.swift; path = IsoCountries.swift; sourceTree = "<group>"; };
		486E610C23547D41007A9A52 /* IsoCountryCodes.swift */ = {isa = PBXFileReference; fileEncoding = 4; lastKnownFileType = sourcecode.swift; path = IsoCountryCodes.swift; sourceTree = "<group>"; };
		486E610F23547DE9007A9A52 /* AllowedCountry.swift */ = {isa = PBXFileReference; lastKnownFileType = sourcecode.swift; path = AllowedCountry.swift; sourceTree = "<group>"; };
		486E611123548ACB007A9A52 /* NewsCategoryVC.swift */ = {isa = PBXFileReference; lastKnownFileType = sourcecode.swift; path = NewsCategoryVC.swift; sourceTree = "<group>"; };
		486E611423548B3C007A9A52 /* NewsCategoryCoordinator.swift */ = {isa = PBXFileReference; lastKnownFileType = sourcecode.swift; path = NewsCategoryCoordinator.swift; sourceTree = "<group>"; };
		486E611823549D3A007A9A52 /* WebKit.framework */ = {isa = PBXFileReference; lastKnownFileType = wrapper.framework; name = WebKit.framework; path = System/Library/Frameworks/WebKit.framework; sourceTree = SDKROOT; };
		486E611A2354A61C007A9A52 /* SourceTVC.swift */ = {isa = PBXFileReference; lastKnownFileType = sourcecode.swift; path = SourceTVC.swift; sourceTree = "<group>"; };
		486E611B2354A61C007A9A52 /* SourceTVC.xib */ = {isa = PBXFileReference; lastKnownFileType = file.xib; path = SourceTVC.xib; sourceTree = "<group>"; };
		486E611E2354A9CC007A9A52 /* SourceNews.swift */ = {isa = PBXFileReference; lastKnownFileType = sourcecode.swift; path = SourceNews.swift; sourceTree = "<group>"; };
		486E61202354ABC8007A9A52 /* APIResponse.swift */ = {isa = PBXFileReference; lastKnownFileType = sourcecode.swift; path = APIResponse.swift; sourceTree = "<group>"; };
		486E61222354AC78007A9A52 /* SourceVC.swift */ = {isa = PBXFileReference; lastKnownFileType = sourcecode.swift; path = SourceVC.swift; sourceTree = "<group>"; };
		486E61242354B81C007A9A52 /* SearchVC.swift */ = {isa = PBXFileReference; lastKnownFileType = sourcecode.swift; path = SearchVC.swift; sourceTree = "<group>"; };
		486E61262354BE1F007A9A52 /* SearchQuastion.swift */ = {isa = PBXFileReference; lastKnownFileType = sourcecode.swift; path = SearchQuastion.swift; sourceTree = "<group>"; };
		4F844D57CFF284E2F2480EFA /* Pods-News.debug.xcconfig */ = {isa = PBXFileReference; includeInIndex = 1; lastKnownFileType = text.xcconfig; name = "Pods-News.debug.xcconfig"; path = "Target Support Files/Pods-News/Pods-News.debug.xcconfig"; sourceTree = "<group>"; };
		6B26704A9C1261FCE6EC78AF /* Pods_News.framework */ = {isa = PBXFileReference; explicitFileType = wrapper.framework; includeInIndex = 0; path = Pods_News.framework; sourceTree = BUILT_PRODUCTS_DIR; };
		BD92CE74B3182A197B4E621D /* Pods-News.release.xcconfig */ = {isa = PBXFileReference; includeInIndex = 1; lastKnownFileType = text.xcconfig; name = "Pods-News.release.xcconfig"; path = "Target Support Files/Pods-News/Pods-News.release.xcconfig"; sourceTree = "<group>"; };
/* End PBXFileReference section */

/* Begin PBXFrameworksBuildPhase section */
		486E60852351CDB1007A9A52 /* Frameworks */ = {
			isa = PBXFrameworksBuildPhase;
			buildActionMask = 2147483647;
			files = (
				486E60C42352447E007A9A52 /* Rswift.framework in Frameworks */,
				C1C72B9CD854C176E1921814 /* Pods_News.framework in Frameworks */,
			);
			runOnlyForDeploymentPostprocessing = 0;
		};
/* End PBXFrameworksBuildPhase section */

/* Begin PBXGroup section */
		486E607F2351CDB1007A9A52 = {
			isa = PBXGroup;
			children = (
				486E608A2351CDB1007A9A52 /* News */,
				486E60892351CDB1007A9A52 /* Products */,
				A62634A7F7A74799296431EE /* Pods */,
				B898E3D92ECB9D21FC43AAD0 /* Frameworks */,
			);
			sourceTree = "<group>";
		};
		486E60892351CDB1007A9A52 /* Products */ = {
			isa = PBXGroup;
			children = (
				486E60882351CDB1007A9A52 /* News.app */,
			);
			name = Products;
			sourceTree = "<group>";
		};
		486E608A2351CDB1007A9A52 /* News */ = {
			isa = PBXGroup;
			children = (
				486E60A82351F7BC007A9A52 /* API */,
				486E60A52351E0A8007A9A52 /* Services */,
				486E60A42351E09F007A9A52 /* Components */,
				486E60A32351E097007A9A52 /* Controller */,
				486E60A22351E090007A9A52 /* View */,
				486E60A12351E089007A9A52 /* Model */,
				486E609D2351E028007A9A52 /* Resources */,
				486E608B2351CDB1007A9A52 /* AppDelegate.swift */,
			);
			path = News;
			sourceTree = "<group>";
		};
		486E609D2351E028007A9A52 /* Resources */ = {
			isa = PBXGroup;
			children = (
				486E60C2235243AF007A9A52 /* Generated */,
				486E60A02351E064007A9A52 /* Storyboards */,
				486E609F2351E05C007A9A52 /* Lists */,
				486E609E2351E054007A9A52 /* Assets */,
			);
			path = Resources;
			sourceTree = "<group>";
		};
		486E609E2351E054007A9A52 /* Assets */ = {
			isa = PBXGroup;
			children = (
				486E60922351CDB1007A9A52 /* Assets.xcassets */,
			);
			path = Assets;
			sourceTree = "<group>";
		};
		486E609F2351E05C007A9A52 /* Lists */ = {
			isa = PBXGroup;
			children = (
				486E60972351CDB1007A9A52 /* Info.plist */,
			);
			path = Lists;
			sourceTree = "<group>";
		};
		486E60A02351E064007A9A52 /* Storyboards */ = {
			isa = PBXGroup;
			children = (
				486E608F2351CDB1007A9A52 /* Main.storyboard */,
				486E60942351CDB1007A9A52 /* LaunchScreen.storyboard */,
			);
			path = Storyboards;
			sourceTree = "<group>";
		};
		486E60A12351E089007A9A52 /* Model */ = {
			isa = PBXGroup;
			children = (
				486E611E2354A9CC007A9A52 /* SourceNews.swift */,
				486E60B12351FDD6007A9A52 /* News.swift */,
				486E60B32351FDFA007A9A52 /* News+Response.swift */,
				486E60CB23524FDA007A9A52 /* Article.swift */,
				486E60B92352038E007A9A52 /* Constant.swift */,
				486E60B723520354007A9A52 /* AppError.swift */,
				486E60DF23526D53007A9A52 /* LimitOffset.swift */,
				486E60F82353ADA0007A9A52 /* AlertViewModel.swift */,
				486E610F23547DE9007A9A52 /* AllowedCountry.swift */,
				486E61262354BE1F007A9A52 /* SearchQuastion.swift */,
			);
			path = Model;
			sourceTree = "<group>";
		};
		486E60A22351E090007A9A52 /* View */ = {
			isa = PBXGroup;
			children = (
				486E60EB235274CD007A9A52 /* Cells */,
				486E60EA2352749F007A9A52 /* Placeholder */,
				486E60E423527278007A9A52 /* ActivityView.swift */,
				486E60FA2353BBBB007A9A52 /* NewsImageView.swift */,
			);
			path = View;
			sourceTree = "<group>";
		};
		486E60A32351E097007A9A52 /* Controller */ = {
			isa = PBXGroup;
			children = (
				486E610723547522007A9A52 /* Coordinator */,
				486E60E1235271D8007A9A52 /* BaseVC */,
				486E608D2351CDB1007A9A52 /* NewsVC.swift */,
				486E60FE23545FB6007A9A52 /* FilterLauncher.swift */,
				486E61222354AC78007A9A52 /* SourceVC.swift */,
				486E61242354B81C007A9A52 /* SearchVC.swift */,
				486E611323548AD4007A9A52 /* Category */,
			);
			path = Controller;
			sourceTree = "<group>";
		};
		486E60A42351E09F007A9A52 /* Components */ = {
			isa = PBXGroup;
			children = (
				486E610A23547D1E007A9A52 /* ISOCountryCode */,
				486E60CD23526B2E007A9A52 /* Utils */,
				486E60AE2351FD42007A9A52 /* Protocol */,
				486E60AB2351FC91007A9A52 /* Extension */,
			);
			path = Components;
			sourceTree = "<group>";
		};
		486E60A52351E0A8007A9A52 /* Services */ = {
			isa = PBXGroup;
			children = (
				486E60A62351E26F007A9A52 /* NetworkService.swift */,
				486E60F423538CB1007A9A52 /* NewsPaginationService.swift */,
			);
			path = Services;
			sourceTree = "<group>";
		};
		486E60A82351F7BC007A9A52 /* API */ = {
			isa = PBXGroup;
			children = (
				486E60A92351F7DF007A9A52 /* NewsAPI.swift */,
			);
			path = API;
			sourceTree = "<group>";
		};
		486E60AB2351FC91007A9A52 /* Extension */ = {
			isa = PBXGroup;
			children = (
				486E60AC2351FCBA007A9A52 /* NSObject+AssociatedObj.swift */,
				486E60B52351FFAC007A9A52 /* DateFormatter+PublishedDateFormatter.swift */,
				486E60F623538F50007A9A52 /* UserDefaults+TotalResult.swift */,
			);
			path = Extension;
			sourceTree = "<group>";
		};
		486E60AE2351FD42007A9A52 /* Protocol */ = {
			isa = PBXGroup;
			children = (
				486E60AF2351FD59007A9A52 /* UseCaseConsumer.swift */,
			);
			path = Protocol;
			sourceTree = "<group>";
		};
		486E60C2235243AF007A9A52 /* Generated */ = {
			isa = PBXGroup;
			children = (
				486E60C523524568007A9A52 /* R.generated.swift */,
			);
			path = Generated;
			sourceTree = "<group>";
		};
		486E60CD23526B2E007A9A52 /* Utils */ = {
			isa = PBXGroup;
			children = (
				486E60CE23526B41007A9A52 /* With.swift */,
				486E61202354ABC8007A9A52 /* APIResponse.swift */,
			);
			path = Utils;
			sourceTree = "<group>";
		};
		486E60E1235271D8007A9A52 /* BaseVC */ = {
			isa = PBXGroup;
			children = (
				486E60E22352720F007A9A52 /* BaseVC.swift */,
			);
			path = BaseVC;
			sourceTree = "<group>";
		};
		486E60EA2352749F007A9A52 /* Placeholder */ = {
			isa = PBXGroup;
			children = (
				486E60E6235272CF007A9A52 /* PlaceholderView.swift */,
				486E60E823527379007A9A52 /* PlaceholderView.xib */,
			);
			path = Placeholder;
			sourceTree = "<group>";
		};
		486E60EB235274CD007A9A52 /* Cells */ = {
			isa = PBXGroup;
			children = (
				486E611A2354A61C007A9A52 /* SourceTVC.swift */,
				486E611B2354A61C007A9A52 /* SourceTVC.xib */,
				486E60C723524632007A9A52 /* NewsTVC.swift */,
				486E60C823524632007A9A52 /* NewsTVC.xib */,
				486E610023546023007A9A52 /* FilterTVC.swift */,
				486E610123546023007A9A52 /* FilterTVC.xib */,
			);
			path = Cells;
			sourceTree = "<group>";
		};
		486E610723547522007A9A52 /* Coordinator */ = {
			isa = PBXGroup;
			children = (
				486E610823547536007A9A52 /* AppCoordinator.swift */,
			);
			path = Coordinator;
			sourceTree = "<group>";
		};
		486E610A23547D1E007A9A52 /* ISOCountryCode */ = {
			isa = PBXGroup;
			children = (
				486E610B23547D41007A9A52 /* IsoCountries.swift */,
				486E610C23547D41007A9A52 /* IsoCountryCodes.swift */,
			);
			path = ISOCountryCode;
			sourceTree = "<group>";
		};
		486E611323548AD4007A9A52 /* Category */ = {
			isa = PBXGroup;
			children = (
				486E611423548B3C007A9A52 /* NewsCategoryCoordinator.swift */,
				486E610423546CB6007A9A52 /* CategoryVC.swift */,
				486E611123548ACB007A9A52 /* NewsCategoryVC.swift */,
			);
			path = Category;
			sourceTree = "<group>";
		};
		A62634A7F7A74799296431EE /* Pods */ = {
			isa = PBXGroup;
			children = (
				4F844D57CFF284E2F2480EFA /* Pods-News.debug.xcconfig */,
				BD92CE74B3182A197B4E621D /* Pods-News.release.xcconfig */,
			);
			path = Pods;
			sourceTree = "<group>";
		};
		B898E3D92ECB9D21FC43AAD0 /* Frameworks */ = {
			isa = PBXGroup;
			children = (
				486E611823549D3A007A9A52 /* WebKit.framework */,
				486E60C32352447E007A9A52 /* Rswift.framework */,
				6B26704A9C1261FCE6EC78AF /* Pods_News.framework */,
			);
			name = Frameworks;
			sourceTree = "<group>";
		};
/* End PBXGroup section */

/* Begin PBXNativeTarget section */
		486E60872351CDB1007A9A52 /* News */ = {
			isa = PBXNativeTarget;
			buildConfigurationList = 486E609A2351CDB1007A9A52 /* Build configuration list for PBXNativeTarget "News" */;
			buildPhases = (
				AB993A0A115644E7AB7A1B81 /* [CP] Check Pods Manifest.lock */,
				486E60C123524348007A9A52 /* R.swift */,
				486E60842351CDB1007A9A52 /* Sources */,
				486E60852351CDB1007A9A52 /* Frameworks */,
				486E60862351CDB1007A9A52 /* Resources */,
				2A68708624DDF2CE34C36711 /* [CP] Embed Pods Frameworks */,
			);
			buildRules = (
			);
			dependencies = (
			);
			name = News;
			productName = News;
			productReference = 486E60882351CDB1007A9A52 /* News.app */;
			productType = "com.apple.product-type.application";
		};
/* End PBXNativeTarget section */

/* Begin PBXProject section */
		486E60802351CDB1007A9A52 /* Project object */ = {
			isa = PBXProject;
			attributes = {
				LastSwiftUpdateCheck = 1030;
				LastUpgradeCheck = 1030;
				ORGANIZATIONNAME = "Taras Chernysh";
				TargetAttributes = {
					486E60872351CDB1007A9A52 = {
						CreatedOnToolsVersion = 10.3;
					};
				};
			};
			buildConfigurationList = 486E60832351CDB1007A9A52 /* Build configuration list for PBXProject "News" */;
			compatibilityVersion = "Xcode 9.3";
			developmentRegion = en;
			hasScannedForEncodings = 0;
			knownRegions = (
				en,
				Base,
			);
			mainGroup = 486E607F2351CDB1007A9A52;
			productRefGroup = 486E60892351CDB1007A9A52 /* Products */;
			projectDirPath = "";
			projectRoot = "";
			targets = (
				486E60872351CDB1007A9A52 /* News */,
			);
		};
/* End PBXProject section */

/* Begin PBXResourcesBuildPhase section */
		486E60862351CDB1007A9A52 /* Resources */ = {
			isa = PBXResourcesBuildPhase;
			buildActionMask = 2147483647;
			files = (
				486E60E923527379007A9A52 /* PlaceholderView.xib in Resources */,
				486E60962351CDB1007A9A52 /* LaunchScreen.storyboard in Resources */,
				486E60932351CDB1007A9A52 /* Assets.xcassets in Resources */,
				486E610323546023007A9A52 /* FilterTVC.xib in Resources */,
				486E611D2354A61C007A9A52 /* SourceTVC.xib in Resources */,
				486E60CA23524632007A9A52 /* NewsTVC.xib in Resources */,
				486E60912351CDB1007A9A52 /* Main.storyboard in Resources */,
			);
			runOnlyForDeploymentPostprocessing = 0;
		};
/* End PBXResourcesBuildPhase section */

/* Begin PBXShellScriptBuildPhase section */
		2A68708624DDF2CE34C36711 /* [CP] Embed Pods Frameworks */ = {
			isa = PBXShellScriptBuildPhase;
			buildActionMask = 2147483647;
			files = (
			);
			inputFileListPaths = (
				"${PODS_ROOT}/Target Support Files/Pods-News/Pods-News-frameworks-${CONFIGURATION}-input-files.xcfilelist",
			);
			name = "[CP] Embed Pods Frameworks";
			outputFileListPaths = (
				"${PODS_ROOT}/Target Support Files/Pods-News/Pods-News-frameworks-${CONFIGURATION}-output-files.xcfilelist",
			);
			runOnlyForDeploymentPostprocessing = 0;
			shellPath = /bin/sh;
			shellScript = "\"${PODS_ROOT}/Target Support Files/Pods-News/Pods-News-frameworks.sh\"\n";
			showEnvVarsInLog = 0;
		};
		486E60C123524348007A9A52 /* R.swift */ = {
			isa = PBXShellScriptBuildPhase;
			buildActionMask = 2147483647;
			files = (
			);
			inputFileListPaths = (
			);
			inputPaths = (
				"$TEMP_DIR/rswift-lastrun",
			);
			name = R.swift;
			outputFileListPaths = (
			);
			outputPaths = (
				$SRCROOT/R.generated.swift,
			);
			runOnlyForDeploymentPostprocessing = 0;
			shellPath = /bin/sh;
			shellScript = "# Type a script or drag a script file from your workspace to insert its path.\n\"$PODS_ROOT/R.swift/rswift\" generate \"$SRCROOT/R.generated.swift\"\n";
		};
		AB993A0A115644E7AB7A1B81 /* [CP] Check Pods Manifest.lock */ = {
			isa = PBXShellScriptBuildPhase;
			buildActionMask = 2147483647;
			files = (
			);
			inputFileListPaths = (
			);
			inputPaths = (
				"${PODS_PODFILE_DIR_PATH}/Podfile.lock",
				"${PODS_ROOT}/Manifest.lock",
			);
			name = "[CP] Check Pods Manifest.lock";
			outputFileListPaths = (
			);
			outputPaths = (
				"$(DERIVED_FILE_DIR)/Pods-News-checkManifestLockResult.txt",
			);
			runOnlyForDeploymentPostprocessing = 0;
			shellPath = /bin/sh;
			shellScript = "diff \"${PODS_PODFILE_DIR_PATH}/Podfile.lock\" \"${PODS_ROOT}/Manifest.lock\" > /dev/null\nif [ $? != 0 ] ; then\n    # print error to STDERR\n    echo \"error: The sandbox is not in sync with the Podfile.lock. Run 'pod install' or update your CocoaPods installation.\" >&2\n    exit 1\nfi\n# This output is used by Xcode 'outputs' to avoid re-running this script phase.\necho \"SUCCESS\" > \"${SCRIPT_OUTPUT_FILE_0}\"\n";
			showEnvVarsInLog = 0;
		};
/* End PBXShellScriptBuildPhase section */

/* Begin PBXSourcesBuildPhase section */
		486E60842351CDB1007A9A52 /* Sources */ = {
			isa = PBXSourcesBuildPhase;
			buildActionMask = 2147483647;
			files = (
				486E60B62351FFAC007A9A52 /* DateFormatter+PublishedDateFormatter.swift in Sources */,
				486E610E23547D41007A9A52 /* IsoCountryCodes.swift in Sources */,
				486E60CF23526B41007A9A52 /* With.swift in Sources */,
				486E60E32352720F007A9A52 /* BaseVC.swift in Sources */,
				486E61252354B81C007A9A52 /* SearchVC.swift in Sources */,
				486E60FF23545FB6007A9A52 /* FilterLauncher.swift in Sources */,
				486E60CC23524FDA007A9A52 /* Article.swift in Sources */,
				486E60E523527278007A9A52 /* ActivityView.swift in Sources */,
				486E610923547536007A9A52 /* AppCoordinator.swift in Sources */,
				486E60F92353ADA0007A9A52 /* AlertViewModel.swift in Sources */,
				486E611023547DE9007A9A52 /* AllowedCountry.swift in Sources */,
				486E611C2354A61C007A9A52 /* SourceTVC.swift in Sources */,
				486E608E2351CDB1007A9A52 /* NewsVC.swift in Sources */,
				486E60F523538CB1007A9A52 /* NewsPaginationService.swift in Sources */,
				486E60B823520354007A9A52 /* AppError.swift in Sources */,
				486E60A72351E26F007A9A52 /* NetworkService.swift in Sources */,
				486E610D23547D41007A9A52 /* IsoCountries.swift in Sources */,
				486E60AD2351FCBA007A9A52 /* NSObject+AssociatedObj.swift in Sources */,
				486E608C2351CDB1007A9A52 /* AppDelegate.swift in Sources */,
				486E611223548ACB007A9A52 /* NewsCategoryVC.swift in Sources */,
				486E60C623524568007A9A52 /* R.generated.swift in Sources */,
				486E61272354BE1F007A9A52 /* SearchQuastion.swift in Sources */,
				486E60B22351FDD6007A9A52 /* News.swift in Sources */,
				486E60B42351FDFA007A9A52 /* News+Response.swift in Sources */,
				486E60C923524632007A9A52 /* NewsTVC.swift in Sources */,
				486E60FB2353BBBB007A9A52 /* NewsImageView.swift in Sources */,
				486E611523548B3C007A9A52 /* NewsCategoryCoordinator.swift in Sources */,
				486E60BA2352038E007A9A52 /* Constant.swift in Sources */,
				486E60E7235272CF007A9A52 /* PlaceholderView.swift in Sources */,
				486E61232354AC78007A9A52 /* SourceVC.swift in Sources */,
				486E610523546CB6007A9A52 /* CategoryVC.swift in Sources */,
				486E61212354ABC8007A9A52 /* APIResponse.swift in Sources */,
				486E610223546023007A9A52 /* FilterTVC.swift in Sources */,
				486E60F723538F50007A9A52 /* UserDefaults+TotalResult.swift in Sources */,
				486E60AA2351F7DF007A9A52 /* NewsAPI.swift in Sources */,
				486E611F2354A9CC007A9A52 /* SourceNews.swift in Sources */,
				486E60B02351FD59007A9A52 /* UseCaseConsumer.swift in Sources */,
				486E60E023526D53007A9A52 /* LimitOffset.swift in Sources */,
			);
			runOnlyForDeploymentPostprocessing = 0;
		};
/* End PBXSourcesBuildPhase section */

/* Begin PBXVariantGroup section */
		486E608F2351CDB1007A9A52 /* Main.storyboard */ = {
			isa = PBXVariantGroup;
			children = (
				486E60902351CDB1007A9A52 /* Base */,
			);
			name = Main.storyboard;
			sourceTree = "<group>";
		};
		486E60942351CDB1007A9A52 /* LaunchScreen.storyboard */ = {
			isa = PBXVariantGroup;
			children = (
				486E60952351CDB1007A9A52 /* Base */,
			);
			name = LaunchScreen.storyboard;
			sourceTree = "<group>";
		};
/* End PBXVariantGroup section */

/* Begin XCBuildConfiguration section */
		486E60982351CDB1007A9A52 /* Debug */ = {
			isa = XCBuildConfiguration;
			buildSettings = {
				ALWAYS_SEARCH_USER_PATHS = NO;
				CLANG_ANALYZER_NONNULL = YES;
				CLANG_ANALYZER_NUMBER_OBJECT_CONVERSION = YES_AGGRESSIVE;
				CLANG_CXX_LANGUAGE_STANDARD = "gnu++14";
				CLANG_CXX_LIBRARY = "libc++";
				CLANG_ENABLE_MODULES = YES;
				CLANG_ENABLE_OBJC_ARC = YES;
				CLANG_ENABLE_OBJC_WEAK = YES;
				CLANG_WARN_BLOCK_CAPTURE_AUTORELEASING = YES;
				CLANG_WARN_BOOL_CONVERSION = YES;
				CLANG_WARN_COMMA = YES;
				CLANG_WARN_CONSTANT_CONVERSION = YES;
				CLANG_WARN_DEPRECATED_OBJC_IMPLEMENTATIONS = YES;
				CLANG_WARN_DIRECT_OBJC_ISA_USAGE = YES_ERROR;
				CLANG_WARN_DOCUMENTATION_COMMENTS = YES;
				CLANG_WARN_EMPTY_BODY = YES;
				CLANG_WARN_ENUM_CONVERSION = YES;
				CLANG_WARN_INFINITE_RECURSION = YES;
				CLANG_WARN_INT_CONVERSION = YES;
				CLANG_WARN_NON_LITERAL_NULL_CONVERSION = YES;
				CLANG_WARN_OBJC_IMPLICIT_RETAIN_SELF = YES;
				CLANG_WARN_OBJC_LITERAL_CONVERSION = YES;
				CLANG_WARN_OBJC_ROOT_CLASS = YES_ERROR;
				CLANG_WARN_RANGE_LOOP_ANALYSIS = YES;
				CLANG_WARN_STRICT_PROTOTYPES = YES;
				CLANG_WARN_SUSPICIOUS_MOVE = YES;
				CLANG_WARN_UNGUARDED_AVAILABILITY = YES_AGGRESSIVE;
				CLANG_WARN_UNREACHABLE_CODE = YES;
				CLANG_WARN__DUPLICATE_METHOD_MATCH = YES;
				CODE_SIGN_IDENTITY = "iPhone Developer";
				COPY_PHASE_STRIP = NO;
				DEBUG_INFORMATION_FORMAT = dwarf;
				ENABLE_STRICT_OBJC_MSGSEND = YES;
				ENABLE_TESTABILITY = YES;
				GCC_C_LANGUAGE_STANDARD = gnu11;
				GCC_DYNAMIC_NO_PIC = NO;
				GCC_NO_COMMON_BLOCKS = YES;
				GCC_OPTIMIZATION_LEVEL = 0;
				GCC_PREPROCESSOR_DEFINITIONS = (
					"DEBUG=1",
					"$(inherited)",
				);
				GCC_WARN_64_TO_32_BIT_CONVERSION = YES;
				GCC_WARN_ABOUT_RETURN_TYPE = YES_ERROR;
				GCC_WARN_UNDECLARED_SELECTOR = YES;
				GCC_WARN_UNINITIALIZED_AUTOS = YES_AGGRESSIVE;
				GCC_WARN_UNUSED_FUNCTION = YES;
				GCC_WARN_UNUSED_VARIABLE = YES;
				IPHONEOS_DEPLOYMENT_TARGET = 12.4;
				MTL_ENABLE_DEBUG_INFO = INCLUDE_SOURCE;
				MTL_FAST_MATH = YES;
				ONLY_ACTIVE_ARCH = YES;
				SDKROOT = iphoneos;
				SWIFT_ACTIVE_COMPILATION_CONDITIONS = DEBUG;
				SWIFT_OPTIMIZATION_LEVEL = "-Onone";
			};
			name = Debug;
		};
		486E60992351CDB1007A9A52 /* Release */ = {
			isa = XCBuildConfiguration;
			buildSettings = {
				ALWAYS_SEARCH_USER_PATHS = NO;
				CLANG_ANALYZER_NONNULL = YES;
				CLANG_ANALYZER_NUMBER_OBJECT_CONVERSION = YES_AGGRESSIVE;
				CLANG_CXX_LANGUAGE_STANDARD = "gnu++14";
				CLANG_CXX_LIBRARY = "libc++";
				CLANG_ENABLE_MODULES = YES;
				CLANG_ENABLE_OBJC_ARC = YES;
				CLANG_ENABLE_OBJC_WEAK = YES;
				CLANG_WARN_BLOCK_CAPTURE_AUTORELEASING = YES;
				CLANG_WARN_BOOL_CONVERSION = YES;
				CLANG_WARN_COMMA = YES;
				CLANG_WARN_CONSTANT_CONVERSION = YES;
				CLANG_WARN_DEPRECATED_OBJC_IMPLEMENTATIONS = YES;
				CLANG_WARN_DIRECT_OBJC_ISA_USAGE = YES_ERROR;
				CLANG_WARN_DOCUMENTATION_COMMENTS = YES;
				CLANG_WARN_EMPTY_BODY = YES;
				CLANG_WARN_ENUM_CONVERSION = YES;
				CLANG_WARN_INFINITE_RECURSION = YES;
				CLANG_WARN_INT_CONVERSION = YES;
				CLANG_WARN_NON_LITERAL_NULL_CONVERSION = YES;
				CLANG_WARN_OBJC_IMPLICIT_RETAIN_SELF = YES;
				CLANG_WARN_OBJC_LITERAL_CONVERSION = YES;
				CLANG_WARN_OBJC_ROOT_CLASS = YES_ERROR;
				CLANG_WARN_RANGE_LOOP_ANALYSIS = YES;
				CLANG_WARN_STRICT_PROTOTYPES = YES;
				CLANG_WARN_SUSPICIOUS_MOVE = YES;
				CLANG_WARN_UNGUARDED_AVAILABILITY = YES_AGGRESSIVE;
				CLANG_WARN_UNREACHABLE_CODE = YES;
				CLANG_WARN__DUPLICATE_METHOD_MATCH = YES;
				CODE_SIGN_IDENTITY = "iPhone Developer";
				COPY_PHASE_STRIP = NO;
				DEBUG_INFORMATION_FORMAT = "dwarf-with-dsym";
				ENABLE_NS_ASSERTIONS = NO;
				ENABLE_STRICT_OBJC_MSGSEND = YES;
				GCC_C_LANGUAGE_STANDARD = gnu11;
				GCC_NO_COMMON_BLOCKS = YES;
				GCC_WARN_64_TO_32_BIT_CONVERSION = YES;
				GCC_WARN_ABOUT_RETURN_TYPE = YES_ERROR;
				GCC_WARN_UNDECLARED_SELECTOR = YES;
				GCC_WARN_UNINITIALIZED_AUTOS = YES_AGGRESSIVE;
				GCC_WARN_UNUSED_FUNCTION = YES;
				GCC_WARN_UNUSED_VARIABLE = YES;
				IPHONEOS_DEPLOYMENT_TARGET = 12.4;
				MTL_ENABLE_DEBUG_INFO = NO;
				MTL_FAST_MATH = YES;
				SDKROOT = iphoneos;
				SWIFT_COMPILATION_MODE = wholemodule;
				SWIFT_OPTIMIZATION_LEVEL = "-O";
				VALIDATE_PRODUCT = YES;
			};
			name = Release;
		};
		486E609B2351CDB1007A9A52 /* Debug */ = {
			isa = XCBuildConfiguration;
			baseConfigurationReference = 4F844D57CFF284E2F2480EFA /* Pods-News.debug.xcconfig */;
			buildSettings = {
				ASSETCATALOG_COMPILER_APPICON_NAME = AppIcon;
				CODE_SIGN_IDENTITY = "iPhone Developer";
				CODE_SIGN_STYLE = Automatic;
				DEVELOPMENT_TEAM = "";
				INFOPLIST_FILE = "$(SRCROOT)/News/Resources/Lists/Info.plist";
				IPHONEOS_DEPLOYMENT_TARGET = 10.0;
				LD_RUNPATH_SEARCH_PATHS = (
					"$(inherited)",
					"@executable_path/Frameworks",
				);
				PRODUCT_BUNDLE_IDENTIFIER = com.test.taraschernysh.News;
				PRODUCT_NAME = "$(TARGET_NAME)";
				PROVISIONING_PROFILE_SPECIFIER = "";
				SWIFT_VERSION = 5.0;
				TARGETED_DEVICE_FAMILY = 1;
			};
			name = Debug;
		};
		486E609C2351CDB1007A9A52 /* Release */ = {
			isa = XCBuildConfiguration;
			baseConfigurationReference = BD92CE74B3182A197B4E621D /* Pods-News.release.xcconfig */;
			buildSettings = {
				ASSETCATALOG_COMPILER_APPICON_NAME = AppIcon;
				CODE_SIGN_IDENTITY = "iPhone Developer";
				CODE_SIGN_STYLE = Automatic;
				DEVELOPMENT_TEAM = "";
				INFOPLIST_FILE = "$(SRCROOT)/News/Resources/Lists/Info.plist";
				IPHONEOS_DEPLOYMENT_TARGET = 10.0;
				LD_RUNPATH_SEARCH_PATHS = (
					"$(inherited)",
					"@executable_path/Frameworks",
				);
				PRODUCT_BUNDLE_IDENTIFIER = com.test.taraschernysh.News;
				PRODUCT_NAME = "$(TARGET_NAME)";
				PROVISIONING_PROFILE_SPECIFIER = "";
				SWIFT_VERSION = 5.0;
				TARGETED_DEVICE_FAMILY = 1;
			};
			name = Release;
		};
/* End XCBuildConfiguration section */

/* Begin XCConfigurationList section */
		486E60832351CDB1007A9A52 /* Build configuration list for PBXProject "News" */ = {
			isa = XCConfigurationList;
			buildConfigurations = (
				486E60982351CDB1007A9A52 /* Debug */,
				486E60992351CDB1007A9A52 /* Release */,
			);
			defaultConfigurationIsVisible = 0;
			defaultConfigurationName = Release;
		};
		486E609A2351CDB1007A9A52 /* Build configuration list for PBXNativeTarget "News" */ = {
			isa = XCConfigurationList;
			buildConfigurations = (
				486E609B2351CDB1007A9A52 /* Debug */,
				486E609C2351CDB1007A9A52 /* Release */,
			);
			defaultConfigurationIsVisible = 0;
			defaultConfigurationName = Release;
		};
/* End XCConfigurationList section */
	};
	rootObject = 486E60802351CDB1007A9A52 /* Project object */;
}
